
Microsoft Visual Studio Solution File, Format Version 12.00
# Visual Studio 14
VisualStudioVersion = 14.0.23107.0
MinimumVisualStudioVersion = 10.0.40219.1
Project("{FAE04EC0-301F-11D3-BF4B-00C04F79EFBC}") = "Harbour.Utils", "Harbour.Utils\Harbour.Utils.csproj", "{5F58A6B8-2EA0-4C93-BE4A-83305F1C1252}"
EndProject
Project("{FAE04EC0-301F-11D3-BF4B-00C04F79EFBC}") = "Harbour.Utils.Extension", "Harbour.Utils.Extension\Harbour.Utils.Extension.csproj", "{D92E1BB5-EE9D-4E7D-B5D4-C38FB06BDB4D}"
EndProject
Project("{FAE04EC0-301F-11D3-BF4B-00C04F79EFBC}") = "Harbour.UtilsTest", "Harbour.UtilsTest\Harbour.UtilsTest.csproj", "{4B676745-C207-44A3-8A90-D4605B6D0860}"
EndProject
Global
	GlobalSection(SolutionConfigurationPlatforms) = preSolution
		Debug|Any CPU = Debug|Any CPU
		Release|Any CPU = Release|Any CPU
	EndGlobalSection
	GlobalSection(ProjectConfigurationPlatforms) = postSolution
		{5F58A6B8-2EA0-4C93-BE4A-83305F1C1252}.Debug|Any CPU.ActiveCfg = Debug|Any CPU
		{5F58A6B8-2EA0-4C93-BE4A-83305F1C1252}.Debug|Any CPU.Build.0 = Debug|Any CPU
		{5F58A6B8-2EA0-4C93-BE4A-83305F1C1252}.Release|Any CPU.ActiveCfg = Release|Any CPU
		{5F58A6B8-2EA0-4C93-BE4A-83305F1C1252}.Release|Any CPU.Build.0 = Release|Any CPU
		{D92E1BB5-EE9D-4E7D-B5D4-C38FB06BDB4D}.Debug|Any CPU.ActiveCfg = Debug|Any CPU
		{D92E1BB5-EE9D-4E7D-B5D4-C38FB06BDB4D}.Debug|Any CPU.Build.0 = Debug|Any CPU
		{D92E1BB5-EE9D-4E7D-B5D4-C38FB06BDB4D}.Release|Any CPU.ActiveCfg = Release|Any CPU
		{D92E1BB5-EE9D-4E7D-B5D4-C38FB06BDB4D}.Release|Any CPU.Build.0 = Release|Any CPU
		{4B676745-C207-44A3-8A90-D4605B6D0860}.Debug|Any CPU.ActiveCfg = Debug|Any CPU
		{4B676745-C207-44A3-8A90-D4605B6D0860}.Debug|Any CPU.Build.0 = Debug|Any CPU
		{4B676745-C207-44A3-8A90-D4605B6D0860}.Release|Any CPU.ActiveCfg = Release|Any CPU
		{4B676745-C207-44A3-8A90-D4605B6D0860}.Release|Any CPU.Build.0 = Release|Any CPU
	EndGlobalSection
	GlobalSection(SolutionProperties) = preSolution
		HideSolutionNode = FALSE
	EndGlobalSection
EndGlobal
